NeoBundleLock vim-markdown 409c37b205afa2f9d590e23de8171482d66770e2
NeoBundleLock vim-bbye a018cbc1ba63b1a8b86b7c468645e7642637ec4a
NeoBundleLock vim-surround fa433e0b7330753688f715f3be5d10dc480f20e5
NeoBundleLock gist-vim d609d93472db9cf45bd701bebe51adc356631547
NeoBundleLock vim-airline 4a2208821e1d334c4d3cdf66cd1fd0968755e16a
NeoBundleLock ctrlp.vim b5d3fe66a58a13d2ff8b6391f4387608496a030f
NeoBundleLock vim-gitgutter 1a68abedf1115482beb02834ebc42bc3f6a07672
NeoBundleLock molokai db8ce13b3737d3ddea8368498183d7c204a762eb
NeoBundleLock vim-nerdtree-tabs 0decec122e9bb3e9328b01fa20a9650e79cc6ca7
NeoBundleLock emmet-vim 0d63cc76aa171dc8e6d8c6393a1b6eaa5f7b9cc7
NeoBundleLock vim-multiple-cursors a95edcdffd98c5961f067796fbc2a1a82e0f6a83
NeoBundleLock accelerated-smooth-scroll 04944ea4831f5d31f776cb8cd627601ddb567fc2
NeoBundleLock syntastic 6fdd39438896b5a209f4cbdb40abd2c1f5f7555e
NeoBundleLock vim-go b5d9d2e362f501316f1d315e35b0ae61d5200266
NeoBundleLock ack.vim 303bceff1c8ab1145d114083582b1aeac9de7a85
NeoBundleLock vim-fugitive 2c8461db084d205903a792a23163faa546f143c9
NeoBundleLock vim-template e1b2a9e23f15809d4458473f724bc7aef94eb424
NeoBundleLock neocomplete f42df22b24f9708eb5cd9728cc604a7388a94c94
NeoBundleLock vimproc 9baa1ca5deeab9687b987b336507a9c531faa5f6
NeoBundleLock auto-pairs c2f60ca2e57fb65d2230c6fe58e7aba5ab065b2e
NeoBundleLock nerdtree 3b98a7fcae8f9fff356907171f0406ff8cd28921
NeoBundleLock vim-jinja 4412484b410b15caecd71f2e52758b2a90ea124d
NeoBundleLock vim-colors-solarized 528a59f26d12278698bb946f8fb82a63711eec21
NeoBundleLock vim-coffee-script 827e4a38b07479433b619091469a7495a392df8a
NeoBundleLock vim-snippets b1a62cfb14130e7a81fefe80f79099266fe89378
NeoBundleLock neobundle.vim a4c2ce81f007144e34a7064325d55b94beb04f0d
NeoBundleLock tagbar f9c5f24576e82aae5ab8a5480f1ae48615354e40
NeoBundleLock html5.vim abaf4f8a829bd01cc460eb63768debc7c28a6ff5
NeoBundleLock nerdcommenter 6549cfde45339bd4f711504196ff3e8b766ef5e6
NeoBundleLock ultisnips 67630f4aea1c77a7b74a5f922d93c751fbfd53d4
NeoBundleLock webapi-vim a7789abffe936db56e3152e23733847f94755753
